
Microsoft Visual Studio Solution File, Format Version 12.00
# Visual Studio Version 16
VisualStudioVersion = 16.0.30907.101
MinimumVisualStudioVersion = 10.0.40219.1
Project("{FAE04EC0-301F-11D3-BF4B-00C04F79EFBC}") = "NetScorpion.Common", "..\NetScorpion.Common\NetScorpion.Common.csproj", "{695CFB73-88AC-44BE-BFE3-D65BC3C3DDFC}"
EndProject
Project("{FAE04EC0-301F-11D3-BF4B-00C04F79EFBC}") = "NetScorpion Client", "..\NetScorpion Client\NetScorpion Client.csproj", "{5C65AA74-EED8-44F5-8265-E401D1E00FDA}"
EndProject
Project("{FAE04EC0-301F-11D3-BF4B-00C04F79EFBC}") = "NetScorpion Server", "..\NetScorpion Server\NetScorpion Server.csproj", "{4E6C9E1B-96F3-4DB9-9DB9-8814F4DBF069}"
EndProject
Global
	GlobalSection(SolutionConfigurationPlatforms) = preSolution
		Debug|Any CPU = Debug|Any CPU
		Release|Any CPU = Release|Any CPU
	EndGlobalSection
	GlobalSection(ProjectConfigurationPlatforms) = postSolution
		{695CFB73-88AC-44BE-BFE3-D65BC3C3DDFC}.Debug|Any CPU.ActiveCfg = Debug|Any CPU
		{695CFB73-88AC-44BE-BFE3-D65BC3C3DDFC}.Debug|Any CPU.Build.0 = Debug|Any CPU
		{695CFB73-88AC-44BE-BFE3-D65BC3C3DDFC}.Release|Any CPU.ActiveCfg = Release|Any CPU
		{695CFB73-88AC-44BE-BFE3-D65BC3C3DDFC}.Release|Any CPU.Build.0 = Release|Any CPU
		{5C65AA74-EED8-44F5-8265-E401D1E00FDA}.Debug|Any CPU.ActiveCfg = Debug|Any CPU
		{5C65AA74-EED8-44F5-8265-E401D1E00FDA}.Debug|Any CPU.Build.0 = Debug|Any CPU
		{5C65AA74-EED8-44F5-8265-E401D1E00FDA}.Release|Any CPU.ActiveCfg = Release|Any CPU
		{5C65AA74-EED8-44F5-8265-E401D1E00FDA}.Release|Any CPU.Build.0 = Release|Any CPU
		{4E6C9E1B-96F3-4DB9-9DB9-8814F4DBF069}.Debug|Any CPU.ActiveCfg = Debug|Any CPU
		{4E6C9E1B-96F3-4DB9-9DB9-8814F4DBF069}.Debug|Any CPU.Build.0 = Debug|Any CPU
		{4E6C9E1B-96F3-4DB9-9DB9-8814F4DBF069}.Release|Any CPU.ActiveCfg = Release|Any CPU
		{4E6C9E1B-96F3-4DB9-9DB9-8814F4DBF069}.Release|Any CPU.Build.0 = Release|Any CPU
	EndGlobalSection
	GlobalSection(SolutionProperties) = preSolution
		HideSolutionNode = FALSE
	EndGlobalSection
	GlobalSection(ExtensibilityGlobals) = postSolution
		SolutionGuid = {34C503D8-59BB-4C26-ADF9-6FF90D16C2FE}
	EndGlobalSection
EndGlobal
